
Microsoft Visual Studio Solution File, Format Version 12.00
# Visual Studio Version 17
VisualStudioVersion = 17.7.34031.279
MinimumVisualStudioVersion = 10.0.40219.1
Project("{9A19103F-16F7-4668-BE54-9A1E7A4F7556}") = "ocean-peace", "ocean-peace.csproj", "{ECBDA7E9-DDD8-4DC9-B963-025DAA4B5468}"
EndProject
Global
	GlobalSection(SolutionConfigurationPlatforms) = preSolution
		Debug|Any CPU = Debug|Any CPU
		Release|Any CPU = Release|Any CPU
	EndGlobalSection
	GlobalSection(ProjectConfigurationPlatforms) = postSolution
		{ECBDA7E9-DDD8-4DC9-B963-025DAA4B5468}.Debug|Any CPU.ActiveCfg = Debug|Any CPU
		{ECBDA7E9-DDD8-4DC9-B963-025DAA4B5468}.Debug|Any CPU.Build.0 = Debug|Any CPU
		{ECBDA7E9-DDD8-4DC9-B963-025DAA4B5468}.Debug|Any CPU.Deploy.0 = Debug|Any CPU
		{ECBDA7E9-DDD8-4DC9-B963-025DAA4B5468}.Release|Any CPU.ActiveCfg = Release|Any CPU
		{ECBDA7E9-DDD8-4DC9-B963-025DAA4B5468}.Release|Any CPU.Build.0 = Release|Any CPU
		{ECBDA7E9-DDD8-4DC9-B963-025DAA4B5468}.Release|Any CPU.Deploy.0 = Release|Any CPU
	EndGlobalSection
	GlobalSection(SolutionProperties) = preSolution
		HideSolutionNode = FALSE
	EndGlobalSection
	GlobalSection(ExtensibilityGlobals) = postSolution
		SolutionGuid = {0E86FFCA-A941-4686-AE51-26B8ACBB85E0}
	EndGlobalSection
EndGlobal
